
Microsoft Visual Studio Solution File, Format Version 12.00
# Visual Studio Version 16
VisualStudioVersion = 16.0.29806.167
MinimumVisualStudioVersion = 10.0.40219.1
Project("{9A19103F-16F7-4668-BE54-9A1E7A4F7556}") = "B2CAzureFunc", "B2CAzureFunc.csproj", "{5C5FE773-3AF5-4954-9557-C1A5940D9C5D}"
EndProject
Project("{9A19103F-16F7-4668-BE54-9A1E7A4F7556}") = "Providers.Email", "..\Providers.Email\Providers.Email.csproj", "{108D23AE-E069-428D-91D7-7DBD5292744B}"
EndProject
Global
	GlobalSection(SolutionConfigurationPlatforms) = preSolution
		Debug|Any CPU = Debug|Any CPU
		Release|Any CPU = Release|Any CPU
	EndGlobalSection
	GlobalSection(ProjectConfigurationPlatforms) = postSolution
		{5C5FE773-3AF5-4954-9557-C1A5940D9C5D}.Debug|Any CPU.ActiveCfg = Debug|Any CPU
		{5C5FE773-3AF5-4954-9557-C1A5940D9C5D}.Debug|Any CPU.Build.0 = Debug|Any CPU
		{5C5FE773-3AF5-4954-9557-C1A5940D9C5D}.Release|Any CPU.ActiveCfg = Release|Any CPU
		{5C5FE773-3AF5-4954-9557-C1A5940D9C5D}.Release|Any CPU.Build.0 = Release|Any CPU
		{108D23AE-E069-428D-91D7-7DBD5292744B}.Debug|Any CPU.ActiveCfg = Debug|Any CPU
		{108D23AE-E069-428D-91D7-7DBD5292744B}.Debug|Any CPU.Build.0 = Debug|Any CPU
		{108D23AE-E069-428D-91D7-7DBD5292744B}.Release|Any CPU.ActiveCfg = Release|Any CPU
		{108D23AE-E069-428D-91D7-7DBD5292744B}.Release|Any CPU.Build.0 = Release|Any CPU
	EndGlobalSection
	GlobalSection(SolutionProperties) = preSolution
		HideSolutionNode = FALSE
	EndGlobalSection
	GlobalSection(ExtensibilityGlobals) = postSolution
		SolutionGuid = {64AB1A33-DB3F-4F37-A6C6-4C636A421869}
	EndGlobalSection
EndGlobal
